
Microsoft Visual Studio Solution File, Format Version 12.00
# Visual Studio Version 17
VisualStudioVersion = 17.3.32825.248
MinimumVisualStudioVersion = 10.0.40219.1
Project("{9A19103F-16F7-4668-BE54-9A1E7A4F7556}") = "WebDemo.Api", "WebDemo.Api\WebDemo.Api.csproj", "{8FACE06B-C8AF-40EF-83CC-FD5AA1FB457E}"
EndProject
Project("{9A19103F-16F7-4668-BE54-9A1E7A4F7556}") = "WebDemo.Infrastructure", "WebDemo.Infrastructure\WebDemo.Infrastructure.csproj", "{231B6271-E4C5-4746-9B68-163EBF61DF46}"
EndProject
Project("{9A19103F-16F7-4668-BE54-9A1E7A4F7556}") = "WebDemo.Core", "WebDemo.Core\WebDemo.Core.csproj", "{F09624E8-AC08-41B3-B986-B0961E299410}"
EndProject
Project("{FAE04EC0-301F-11D3-BF4B-00C04F79EFBC}") = "UniTests", "UniTests\UniTests.csproj", "{0CD4BA80-E88B-49E2-A01A-C8CF7B525956}"
EndProject
Global
	GlobalSection(SolutionConfigurationPlatforms) = preSolution
		Debug|Any CPU = Debug|Any CPU
		Release|Any CPU = Release|Any CPU
	EndGlobalSection
	GlobalSection(ProjectConfigurationPlatforms) = postSolution
		{8FACE06B-C8AF-40EF-83CC-FD5AA1FB457E}.Debug|Any CPU.ActiveCfg = Debug|Any CPU
		{8FACE06B-C8AF-40EF-83CC-FD5AA1FB457E}.Debug|Any CPU.Build.0 = Debug|Any CPU
		{8FACE06B-C8AF-40EF-83CC-FD5AA1FB457E}.Release|Any CPU.ActiveCfg = Release|Any CPU
		{8FACE06B-C8AF-40EF-83CC-FD5AA1FB457E}.Release|Any CPU.Build.0 = Release|Any CPU
		{231B6271-E4C5-4746-9B68-163EBF61DF46}.Debug|Any CPU.ActiveCfg = Debug|Any CPU
		{231B6271-E4C5-4746-9B68-163EBF61DF46}.Debug|Any CPU.Build.0 = Debug|Any CPU
		{231B6271-E4C5-4746-9B68-163EBF61DF46}.Release|Any CPU.ActiveCfg = Release|Any CPU
		{231B6271-E4C5-4746-9B68-163EBF61DF46}.Release|Any CPU.Build.0 = Release|Any CPU
		{F09624E8-AC08-41B3-B986-B0961E299410}.Debug|Any CPU.ActiveCfg = Debug|Any CPU
		{F09624E8-AC08-41B3-B986-B0961E299410}.Debug|Any CPU.Build.0 = Debug|Any CPU
		{F09624E8-AC08-41B3-B986-B0961E299410}.Release|Any CPU.ActiveCfg = Release|Any CPU
		{F09624E8-AC08-41B3-B986-B0961E299410}.Release|Any CPU.Build.0 = Release|Any CPU
		{0CD4BA80-E88B-49E2-A01A-C8CF7B525956}.Debug|Any CPU.ActiveCfg = Debug|Any CPU
		{0CD4BA80-E88B-49E2-A01A-C8CF7B525956}.Debug|Any CPU.Build.0 = Debug|Any CPU
		{0CD4BA80-E88B-49E2-A01A-C8CF7B525956}.Release|Any CPU.ActiveCfg = Release|Any CPU
		{0CD4BA80-E88B-49E2-A01A-C8CF7B525956}.Release|Any CPU.Build.0 = Release|Any CPU
	EndGlobalSection
	GlobalSection(SolutionProperties) = preSolution
		HideSolutionNode = FALSE
	EndGlobalSection
	GlobalSection(ExtensibilityGlobals) = postSolution
		SolutionGuid = {94DD5C69-DAE0-4419-8685-FEDA663988E6}
	EndGlobalSection
EndGlobal
